
Microsoft Visual Studio Solution File, Format Version 12.00
# Visual Studio Version 17
VisualStudioVersion = 17.3.32929.385
MinimumVisualStudioVersion = 10.0.40219.1
Project("{FAE04EC0-301F-11D3-BF4B-00C04F79EFBC}") = "FinalTask8.3", "FinalTask8.3\FinalTask8.3.csproj", "{8DF63B92-1973-49C3-AAF5-D575BDCFB5E5}"
EndProject
Project("{FAE04EC0-301F-11D3-BF4B-00C04F79EFBC}") = "FinalTask8.Library", "FinalTask8.Library\FinalTask8.Library.csproj", "{5C11EFB4-C016-421D-A0B6-D1C87F28330A}"
EndProject
Global
	GlobalSection(SolutionConfigurationPlatforms) = preSolution
		Debug|Any CPU = Debug|Any CPU
		Release|Any CPU = Release|Any CPU
	EndGlobalSection
	GlobalSection(ProjectConfigurationPlatforms) = postSolution
		{8DF63B92-1973-49C3-AAF5-D575BDCFB5E5}.Debug|Any CPU.ActiveCfg = Debug|Any CPU
		{8DF63B92-1973-49C3-AAF5-D575BDCFB5E5}.Debug|Any CPU.Build.0 = Debug|Any CPU
		{8DF63B92-1973-49C3-AAF5-D575BDCFB5E5}.Release|Any CPU.ActiveCfg = Release|Any CPU
		{8DF63B92-1973-49C3-AAF5-D575BDCFB5E5}.Release|Any CPU.Build.0 = Release|Any CPU
		{5C11EFB4-C016-421D-A0B6-D1C87F28330A}.Debug|Any CPU.ActiveCfg = Debug|Any CPU
		{5C11EFB4-C016-421D-A0B6-D1C87F28330A}.Debug|Any CPU.Build.0 = Debug|Any CPU
		{5C11EFB4-C016-421D-A0B6-D1C87F28330A}.Release|Any CPU.ActiveCfg = Release|Any CPU
		{5C11EFB4-C016-421D-A0B6-D1C87F28330A}.Release|Any CPU.Build.0 = Release|Any CPU
	EndGlobalSection
	GlobalSection(SolutionProperties) = preSolution
		HideSolutionNode = FALSE
	EndGlobalSection
	GlobalSection(ExtensibilityGlobals) = postSolution
		SolutionGuid = {4F7F18A1-9FC1-4B94-857E-D715AF9E7343}
	EndGlobalSection
EndGlobal
